// !$*UTF8*$!
{
	archiveVersion = 1;
	classes = {
	};
	objectVersion = 46;
	objects = {

/* Begin PBXBuildFile section */
		3C9EF5261A48E619001EA557 /* AppDelegate.swift in Sources */ = {isa = PBXBuildFile; fileRef = 3C9EF5251A48E619001EA557 /* AppDelegate.swift */; };
		3C9EF5281A48E619001EA557 /* ViewController.swift in Sources */ = {isa = PBXBuildFile; fileRef = 3C9EF5271A48E619001EA557 /* ViewController.swift */; };
		3C9EF52B1A48E619001EA557 /* Main.storyboard in Resources */ = {isa = PBXBuildFile; fileRef = 3C9EF5291A48E619001EA557 /* Main.storyboard */; };
		3C9EF52D1A48E619001EA557 /* Images.xcassets in Resources */ = {isa = PBXBuildFile; fileRef = 3C9EF52C1A48E619001EA557 /* Images.xcassets */; };
		3C9EF5301A48E619001EA557 /* LaunchScreen.xib in Resources */ = {isa = PBXBuildFile; fileRef = 3C9EF52E1A48E619001EA557 /* LaunchScreen.xib */; };
		3C9EF53C1A48E619001EA557 /* Xib_DemoTests.swift in Sources */ = {isa = PBXBuildFile; fileRef = 3C9EF53B1A48E619001EA557 /* Xib_DemoTests.swift */; };
/* End PBXBuildFile section */

/* Begin PBXContainerItemProxy section */
		3C9EF5361A48E619001EA557 /* PBXContainerItemProxy */ = {
			isa = PBXContainerItemProxy;
			containerPortal = 3C9EF5181A48E619001EA557 /* Project object */;
			proxyType = 1;
			remoteGlobalIDString = 3C9EF51F1A48E619001EA557;
			remoteInfo = "Xib-Demo";
		};
/* End PBXContainerItemProxy section */

/* Begin PBXFileReference section */
		3C9EF5201A48E619001EA557 /* Xib-Demo.app */ = {isa = PBXFileReference; explicitFileType = wrapper.application; includeInIndex = 0; path = "Xib-Demo.app"; sourceTree = BUILT_PRODUCTS_DIR; };
		3C9EF5241A48E619001EA557 /* Info.plist */ = {isa = PBXFileReference; lastKnownFileType = text.plist.xml; path = Info.plist; sourceTree = "<group>"; };
		3C9EF5251A48E619001EA557 /* AppDelegate.swift */ = {isa = PBXFileReference; lastKnownFileType = sourcecode.swift; path = AppDelegate.swift; sourceTree = "<group>"; };
		3C9EF5271A48E619001EA557 /* ViewController.swift */ = {isa = PBXFileReference; lastKnownFileType = sourcecode.swift; path = ViewController.swift; sourceTree = "<group>"; };
		3C9EF52A1A48E619001EA557 /* Base */ = {isa = PBXFileReference; lastKnownFileType = file.storyboard; name = Base; path = Base.lproj/Main.storyboard; sourceTree = "<group>"; };
		3C9EF52C1A48E619001EA557 /* Images.xcassets */ = {isa = PBXFileReference; lastKnownFileType = folder.assetcatalog; path = Images.xcassets; sourceTree = "<group>"; };
		3C9EF52F1A48E619001EA557 /* Base */ = {isa = PBXFileReference; lastKnownFileType = file.xib; name = Base; path = Base.lproj/LaunchScreen.xib; sourceTree = "<group>"; };
		3C9EF5351A48E619001EA557 /* Xib-DemoTests.xctest */ = {isa = PBXFileReference; explicitFileType = wrapper.cfbundle; includeInIndex = 0; path = "Xib-DemoTests.xctest"; sourceTree = BUILT_PRODUCTS_DIR; };
		3C9EF53A1A48E619001EA557 /* Info.plist */ = {isa = PBXFileReference; lastKnownFileType = text.plist.xml; path = Info.plist; sourceTree = "<group>"; };
		3C9EF53B1A48E619001EA557 /* Xib_DemoTests.swift */ = {isa = PBXFileReference; lastKnownFileType = sourcecode.swift; path = Xib_DemoTests.swift; sourceTree = "<group>"; };
/* End PBXFileReference section */

/* Begin PBXFrameworksBuildPhase section */
		3C9EF51D1A48E619001EA557 /* Frameworks */ = {
			isa = PBXFrameworksBuildPhase;
			buildActionMask = 2147483647;
			files = (
			);
			runOnlyForDeploymentPostprocessing = 0;
		};
		3C9EF5321A48E619001EA557 /* Frameworks */ = {
			isa = PBXFrameworksBuildPhase;
			buildActionMask = 2147483647;
			files = (
			);
			runOnlyForDeploymentPostprocessing = 0;
		};
/* End PBXFrameworksBuildPhase section */

/* Begin PBXGroup section */
		3C9EF5171A48E619001EA557 = {
			isa = PBXGroup;
			children = (
				3C9EF5221A48E619001EA557 /* Xib-Demo */,
				3C9EF5381A48E619001EA557 /* Xib-DemoTests */,
				3C9EF5211A48E619001EA557 /* Products */,
			);
			sourceTree = "<group>";
		};
		3C9EF5211A48E619001EA557 /* Products */ = {
			isa = PBXGroup;
			children = (
				3C9EF5201A48E619001EA557 /* Xib-Demo.app */,
				3C9EF5351A48E619001EA557 /* Xib-DemoTests.xctest */,
			);
			name = Products;
			sourceTree = "<group>";
		};
		3C9EF5221A48E619001EA557 /* Xib-Demo */ = {
			isa = PBXGroup;
			children = (
				3C9EF5251A48E619001EA557 /* AppDelegate.swift */,
				3C9EF5271A48E619001EA557 /* ViewController.swift */,
				3C9EF5291A48E619001EA557 /* Main.storyboard */,
				3C9EF52C1A48E619001EA557 /* Images.xcassets */,
				3C9EF52E1A48E619001EA557 /* LaunchScreen.xib */,
				3C9EF5231A48E619001EA557 /* Supporting Files */,
			);
			path = "Xib-Demo";
			sourceTree = "<group>";
		};
		3C9EF5231A48E619001EA557 /* Supporting Files */ = {
			isa = PBXGroup;
			children = (
				3C9EF5241A48E619001EA557 /* Info.plist */,
			);
			name = "Supporting Files";
			sourceTree = "<group>";
		};
		3C9EF5381A48E619001EA557 /* Xib-DemoTests */ = {
			isa = PBXGroup;
			children = (
				3C9EF53B1A48E619001EA557 /* Xib_DemoTests.swift */,
				3C9EF5391A48E619001EA557 /* Supporting Files */,
			);
			path = "Xib-DemoTests";
			sourceTree = "<group>";
		};
		3C9EF5391A48E619001EA557 /* Supporting Files */ = {
			isa = PBXGroup;
			children = (
				3C9EF53A1A48E619001EA557 /* Info.plist */,
			);
			name = "Supporting Files";
			sourceTree = "<group>";
		};
/* End PBXGroup section */

/* Begin PBXNativeTarget section */
		3C9EF51F1A48E619001EA557 /* Xib-Demo */ = {
			isa = PBXNativeTarget;
			buildConfigurationList = 3C9EF53F1A48E619001EA557 /* Build configuration list for PBXNativeTarget "Xib-Demo" */;
			buildPhases = (
				3C9EF51C1A48E619001EA557 /* Sources */,
				3C9EF51D1A48E619001EA557 /* Frameworks */,
				3C9EF51E1A48E619001EA557 /* Resources */,
			);
			buildRules = (
			);
			dependencies = (
			);
			name = "Xib-Demo";
			productName = "Xib-Demo";
			productReference = 3C9EF5201A48E619001EA557 /* Xib-Demo.app */;
			productType = "com.apple.product-type.application";
		};
		3C9EF5341A48E619001EA557 /* Xib-DemoTests */ = {
			isa = PBXNativeTarget;
			buildConfigurationList = 3C9EF5421A48E619001EA557 /* Build configuration list for PBXNativeTarget "Xib-DemoTests" */;
			buildPhases = (
				3C9EF5311A48E619001EA557 /* Sources */,
				3C9EF5321A48E619001EA557 /* Frameworks */,
				3C9EF5331A48E619001EA557 /* Resources */,
			);
			buildRules = (
			);
			dependencies = (
				3C9EF5371A48E619001EA557 /* PBXTargetDependency */,
			);
			name = "Xib-DemoTests";
			productName = "Xib-DemoTests";
			productReference = 3C9EF5351A48E619001EA557 /* Xib-DemoTests.xctest */;
			productType = "com.apple.product-type.bundle.unit-test";
		};
/* End PBXNativeTarget section */

/* Begin PBXProject section */
		3C9EF5181A48E619001EA557 /* Project object */ = {
			isa = PBXProject;
			attributes = {
				LastUpgradeCheck = 0610;
				ORGANIZATIONNAME = GSX;
				TargetAttributes = {
					3C9EF51F1A48E619001EA557 = {
						CreatedOnToolsVersion = 6.1;
					};
					3C9EF5341A48E619001EA557 = {
						CreatedOnToolsVersion = 6.1;
						TestTargetID = 3C9EF51F1A48E619001EA557;
					};
				};
			};
			buildConfigurationList = 3C9EF51B1A48E619001EA557 /* Build configuration list for PBXProject "Xib-Demo" */;
			compatibilityVersion = "Xcode 3.2";
			developmentRegion = English;
			hasScannedForEncodings = 0;
			knownRegions = (
				en,
				Base,
			);
			mainGroup = 3C9EF5171A48E619001EA557;
			productRefGroup = 3C9EF5211A48E619001EA557 /* Products */;
			projectDirPath = "";
			projectRoot = "";
			targets = (
				3C9EF51F1A48E619001EA557 /* Xib-Demo */,
				3C9EF5341A48E619001EA557 /* Xib-DemoTests */,
			);
		};
/* End PBXProject section */

/* Begin PBXResourcesBuildPhase section */
		3C9EF51E1A48E619001EA557 /* Resources */ = {
			isa = PBXResourcesBuildPhase;
			buildActionMask = 2147483647;
			files = (
				3C9EF52B1A48E619001EA557 /* Main.storyboard in Resources */,
				3C9EF5301A48E619001EA557 /* LaunchScreen.xib in Resources */,
				3C9EF52D1A48E619001EA557 /* Images.xcassets in Resources */,
			);
			runOnlyForDeploymentPostprocessing = 0;
		};
		3C9EF5331A48E619001EA557 /* Resources */ = {
			isa = PBXResourcesBuildPhase;
			buildActionMask = 2147483647;
			files = (
			);
			runOnlyForDeploymentPostprocessing = 0;
		};
/* End PBXResourcesBuildPhase section */

/* Begin PBXSourcesBuildPhase section */
		3C9EF51C1A48E619001EA557 /* Sources */ = {
			isa = PBXSourcesBuildPhase;
			buildActionMask = 2147483647;
			files = (
				3C9EF5281A48E619001EA557 /* ViewController.swift in Sources */,
				3C9EF5261A48E619001EA557 /* AppDelegate.swift in Sources */,
			);
			runOnlyForDeploymentPostprocessing = 0;
		};
		3C9EF5311A48E619001EA557 /* Sources */ = {
			isa = PBXSourcesBuildPhase;
			buildActionMask = 2147483647;
			files = (
				3C9EF53C1A48E619001EA557 /* Xib_DemoTests.swift in Sources */,
			);
			runOnlyForDeploymentPostprocessing = 0;
		};
/* End PBXSourcesBuildPhase section */

/* Begin PBXTargetDependency section */
		3C9EF5371A48E619001EA557 /* PBXTargetDependency */ = {
			isa = PBXTargetDependency;
			target = 3C9EF51F1A48E619001EA557 /* Xib-Demo */;
			targetProxy = 3C9EF5361A48E619001EA557 /* PBXContainerItemProxy */;
		};
/* End PBXTargetDependency section */

/* Begin PBXVariantGroup section */
		3C9EF5291A48E619001EA557 /* Main.storyboard */ = {
			isa = PBXVariantGroup;
			children = (
				3C9EF52A1A48E619001EA557 /* Base */,
			);
			name = Main.storyboard;
			sourceTree = "<group>";
		};
		3C9EF52E1A48E619001EA557 /* LaunchScreen.xib */ = {
			isa = PBXVariantGroup;
			children = (
				3C9EF52F1A48E619001EA557 /* Base */,
			);
			name = LaunchScreen.xib;
			sourceTree = "<group>";
		};
/* End PBXVariantGroup section */

/* Begin XCBuildConfiguration section */
		3C9EF53D1A48E619001EA557 /* Debug */ = {
			isa = XCBuildConfiguration;
			buildSettings = {
				ALWAYS_SEARCH_USER_PATHS = NO;
				CLANG_CXX_LANGUAGE_STANDARD = "gnu++0x";
				CLANG_CXX_LIBRARY = "libc++";
				CLANG_ENABLE_MODULES = YES;
				CLANG_ENABLE_OBJC_ARC = YES;
				CLANG_WARN_BOOL_CONVERSION = YES;
				CLANG_WARN_CONSTANT_CONVERSION = YES;
				CLANG_WARN_DIRECT_OBJC_ISA_USAGE = YES_ERROR;
				CLANG_WARN_EMPTY_BODY = YES;
				CLANG_WARN_ENUM_CONVERSION = YES;
				CLANG_WARN_INT_CONVERSION = YES;
				CLANG_WARN_OBJC_ROOT_CLASS = YES_ERROR;
				CLANG_WARN_UNREACHABLE_CODE = YES;
				CLANG_WARN__DUPLICATE_METHOD_MATCH = YES;
				"CODE_SIGN_IDENTITY[sdk=iphoneos*]" = "iPhone Developer";
				COPY_PHASE_STRIP = NO;
				ENABLE_STRICT_OBJC_MSGSEND = YES;
				GCC_C_LANGUAGE_STANDARD = gnu99;
				GCC_DYNAMIC_NO_PIC = NO;
				GCC_OPTIMIZATION_LEVEL = 0;
				GCC_PREPROCESSOR_DEFINITIONS = (
					"DEBUG=1",
					"$(inherited)",
				);
				GCC_SYMBOLS_PRIVATE_EXTERN = NO;
				GCC_WARN_64_TO_32_BIT_CONVERSION = YES;
				GCC_WARN_ABOUT_RETURN_TYPE = YES_ERROR;
				GCC_WARN_UNDECLARED_SELECTOR = YES;
				GCC_WARN_UNINITIALIZED_AUTOS = YES_AGGRESSIVE;
				GCC_WARN_UNUSED_FUNCTION = YES;
				GCC_WARN_UNUSED_VARIABLE = YES;
				IPHONEOS_DEPLOYMENT_TARGET = 8.1;
				MTL_ENABLE_DEBUG_INFO = YES;
				ONLY_ACTIVE_ARCH = YES;
				SDKROOT = iphoneos;
				SWIFT_OPTIMIZATION_LEVEL = "-Onone";
				TARGETED_DEVICE_FAMILY = "1,2";
			};
			name = Debug;
		};
		3C9EF53E1A48E619001EA557 /* Release */ = {
			isa = XCBuildConfiguration;
			buildSettings = {
				ALWAYS_SEARCH_USER_PATHS = NO;
				CLANG_CXX_LANGUAGE_STANDARD = "gnu++0x";
				CLANG_CXX_LIBRARY = "libc++";
				CLANG_ENABLE_MODULES = YES;
				CLANG_ENABLE_OBJC_ARC = YES;
				CLANG_WARN_BOOL_CONVERSION = YES;
				CLANG_WARN_CONSTANT_CONVERSION = YES;
				CLANG_WARN_DIRECT_OBJC_ISA_USAGE = YES_ERROR;
				CLANG_WARN_EMPTY_BODY = YES;
				CLANG_WARN_ENUM_CONVERSION = YES;
				CLANG_WARN_INT_CONVERSION = YES;
				CLANG_WARN_OBJC_ROOT_CLASS = YES_ERROR;
				CLANG_WARN_UNREACHABLE_CODE = YES;
				CLANG_WARN__DUPLICATE_METHOD_MATCH = YES;
				"CODE_SIGN_IDENTITY[sdk=iphoneos*]" = "iPhone Developer";
				COPY_PHASE_STRIP = YES;
				ENABLE_NS_ASSERTIONS = NO;
				ENABLE_STRICT_OBJC_MSGSEND = YES;
				GCC_C_LANGUAGE_STANDARD = gnu99;
				GCC_WARN_64_TO_32_BIT_CONVERSION = YES;
				GCC_WARN_ABOUT_RETURN_TYPE = YES_ERROR;
				GCC_WARN_UNDECLARED_SELECTOR = YES;
				GCC_WARN_UNINITIALIZED_AUTOS = YES_AGGRESSIVE;
				GCC_WARN_UNUSED_FUNCTION = YES;
				GCC_WARN_UNUSED_VARIABLE = YES;
				IPHONEOS_DEPLOYMENT_TARGET = 8.1;
				MTL_ENABLE_DEBUG_INFO = NO;
				SDKROOT = iphoneos;
				TARGETED_DEVICE_FAMILY = "1,2";
				VALIDATE_PRODUCT = YES;
			};
			name = Release;
		};
		3C9EF5401A48E619001EA557 /* Debug */ = {
			isa = XCBuildConfiguration;
			buildSettings = {
				ASSETCATALOG_COMPILER_APPICON_NAME = AppIcon;
				INFOPLIST_FILE = "Xib-Demo/Info.plist";
				LD_RUNPATH_SEARCH_PATHS = "$(inherited) @executable_path/Frameworks";
				PRODUCT_NAME = "$(TARGET_NAME)";
			};
			name = Debug;
		};
		3C9EF5411A48E619001EA557 /* Release */ = {
			isa = XCBuildConfiguration;
			buildSettings = {
				ASSETCATALOG_COMPILER_APPICON_NAME = AppIcon;
				INFOPLIST_FILE = "Xib-Demo/Info.plist";
				LD_RUNPATH_SEARCH_PATHS = "$(inherited) @executable_path/Frameworks";
				PRODUCT_NAME = "$(TARGET_NAME)";
			};
			name = Release;
		};
		3C9EF5431A48E619001EA557 /* Debug */ = {
			isa = XCBuildConfiguration;
			buildSettings = {
				BUNDLE_LOADER = "$(TEST_HOST)";
				FRAMEWORK_SEARCH_PATHS = (
					"$(SDKROOT)/Developer/Library/Frameworks",
					"$(inherited)",
				);
				GCC_PREPROCESSOR_DEFINITIONS = (
					"DEBUG=1",
					"$(inherited)",
				);
				INFOPLIST_FILE = "Xib-DemoTests/Info.plist";
				LD_RUNPATH_SEARCH_PATHS = "$(inherited) @executable_path/Frameworks @loader_path/Frameworks";
				PRODUCT_NAME = "$(TARGET_NAME)";
				TEST_HOST = "$(BUILT_PRODUCTS_DIR)/Xib-Demo.app/Xib-Demo";
			};
			name = Debug;
		};
		3C9EF5441A48E619001EA557 /* Release */ = {
			isa = XCBuildConfiguration;
			buildSettings = {
				BUNDLE_LOADER = "$(TEST_HOST)";
				FRAMEWORK_SEARCH_PATHS = (
					"$(SDKROOT)/Developer/Library/Frameworks",
					"$(inherited)",
				);
				INFOPLIST_FILE = "Xib-DemoTests/Info.plist";
				LD_RUNPATH_SEARCH_PATHS = "$(inherited) @executable_path/Frameworks @loader_path/Frameworks";
				PRODUCT_NAME = "$(TARGET_NAME)";
				TEST_HOST = "$(BUILT_PRODUCTS_DIR)/Xib-Demo.app/Xib-Demo";
			};
			name = Release;
		};
/* End XCBuildConfiguration section */

/* Begin XCConfigurationList section */
		3C9EF51B1A48E619001EA557 /* Build configuration list for PBXProject "Xib-Demo" */ = {
			isa = XCConfigurationList;
			buildConfigurations = (
				3C9EF53D1A48E619001EA557 /* Debug */,
				3C9EF53E1A48E619001EA557 /* Release */,
			);
			defaultConfigurationIsVisible = 0;
			defaultConfigurationName = Release;
		};
		3C9EF53F1A48E619001EA557 /* Build configuration list for PBXNativeTarget "Xib-Demo" */ = {
			isa = XCConfigurationList;
			buildConfigurations = (
				3C9EF5401A48E619001EA557 /* Debug */,
				3C9EF5411A48E619001EA557 /* Release */,
			);
			defaultConfigurationIsVisible = 0;
		};
		3C9EF5421A48E619001EA557 /* Build configuration list for PBXNativeTarget "Xib-DemoTests" */ = {
			isa = XCConfigurationList;
			buildConfigurations = (
				3C9EF5431A48E619001EA557 /* Debug */,
				3C9EF5441A48E619001EA557 /* Release */,
			);
			defaultConfigurationIsVisible = 0;
		};
/* End XCConfigurationList section */
	};
	rootObject = 3C9EF5181A48E619001EA557 /* Project object */;
}
